
Microsoft Visual Studio Solution File, Format Version 12.00
# Visual Studio Version 16
VisualStudioVersion = 16.0.30413.136
MinimumVisualStudioVersion = 10.0.40219.1
Project("{FAE04EC0-301F-11D3-BF4B-00C04F79EFBC}") = "centricTeam4", "centricTeam4.csproj", "{F8DBBABF-9F96-4F65-936F-EB30A8C2A255}"
EndProject
Global
	GlobalSection(SolutionConfigurationPlatforms) = preSolution
		Debug|Any CPU = Debug|Any CPU
		Release|Any CPU = Release|Any CPU
	EndGlobalSection
	GlobalSection(ProjectConfigurationPlatforms) = postSolution
		{F8DBBABF-9F96-4F65-936F-EB30A8C2A255}.Debug|Any CPU.ActiveCfg = Debug|Any CPU
		{F8DBBABF-9F96-4F65-936F-EB30A8C2A255}.Debug|Any CPU.Build.0 = Debug|Any CPU
		{F8DBBABF-9F96-4F65-936F-EB30A8C2A255}.Release|Any CPU.ActiveCfg = Release|Any CPU
		{F8DBBABF-9F96-4F65-936F-EB30A8C2A255}.Release|Any CPU.Build.0 = Release|Any CPU
	EndGlobalSection
	GlobalSection(SolutionProperties) = preSolution
		HideSolutionNode = FALSE
	EndGlobalSection
	GlobalSection(ExtensibilityGlobals) = postSolution
		SolutionGuid = {CD3E4BD1-13C7-4E45-B53F-E388D20912F5}
	EndGlobalSection
EndGlobal
